
Microsoft Visual Studio Solution File, Format Version 12.00
# Visual Studio 2012
Project("{8BC9CEB8-8B4A-11D0-8D11-00A0C91BC942}") = "vhwd", "build\vc11\vhwd.vcxproj", "{0E618B92-A4A3-4EDF-BB12-BE5AA323E76B}"
EndProject
Project("{8BC9CEB8-8B4A-11D0-8D11-00A0C91BC942}") = "vhwd_test", "build\vc11\vhwd_test.vcxproj", "{821A28D9-6BD5-4423-8F9B-3746065D6644}"
EndProject
Global
	GlobalSection(SolutionConfigurationPlatforms) = preSolution
		Debug|Win32 = Debug|Win32
		Debug|x64 = Debug|x64
		MemDebug|Win32 = MemDebug|Win32
		MemDebug|x64 = MemDebug|x64
		Release|Win32 = Release|Win32
		Release|x64 = Release|x64
	EndGlobalSection
	GlobalSection(ProjectConfigurationPlatforms) = postSolution
		{0E618B92-A4A3-4EDF-BB12-BE5AA323E76B}.Debug|Win32.ActiveCfg = Debug|Win32
		{0E618B92-A4A3-4EDF-BB12-BE5AA323E76B}.Debug|Win32.Build.0 = Debug|Win32
		{0E618B92-A4A3-4EDF-BB12-BE5AA323E76B}.Debug|x64.ActiveCfg = Debug|x64
		{0E618B92-A4A3-4EDF-BB12-BE5AA323E76B}.Debug|x64.Build.0 = Debug|x64
		{0E618B92-A4A3-4EDF-BB12-BE5AA323E76B}.MemDebug|Win32.ActiveCfg = MemDebug|Win32
		{0E618B92-A4A3-4EDF-BB12-BE5AA323E76B}.MemDebug|Win32.Build.0 = MemDebug|Win32
		{0E618B92-A4A3-4EDF-BB12-BE5AA323E76B}.MemDebug|x64.ActiveCfg = MemDebug|x64
		{0E618B92-A4A3-4EDF-BB12-BE5AA323E76B}.MemDebug|x64.Build.0 = MemDebug|x64
		{0E618B92-A4A3-4EDF-BB12-BE5AA323E76B}.Release|Win32.ActiveCfg = Release|Win32
		{0E618B92-A4A3-4EDF-BB12-BE5AA323E76B}.Release|Win32.Build.0 = Release|Win32
		{0E618B92-A4A3-4EDF-BB12-BE5AA323E76B}.Release|x64.ActiveCfg = Release|x64
		{0E618B92-A4A3-4EDF-BB12-BE5AA323E76B}.Release|x64.Build.0 = Release|x64
		{821A28D9-6BD5-4423-8F9B-3746065D6644}.Debug|Win32.ActiveCfg = Debug|Win32
		{821A28D9-6BD5-4423-8F9B-3746065D6644}.Debug|Win32.Build.0 = Debug|Win32
		{821A28D9-6BD5-4423-8F9B-3746065D6644}.Debug|x64.ActiveCfg = Debug|x64
		{821A28D9-6BD5-4423-8F9B-3746065D6644}.Debug|x64.Build.0 = Debug|x64
		{821A28D9-6BD5-4423-8F9B-3746065D6644}.MemDebug|Win32.ActiveCfg = MemDebug|Win32
		{821A28D9-6BD5-4423-8F9B-3746065D6644}.MemDebug|Win32.Build.0 = MemDebug|Win32
		{821A28D9-6BD5-4423-8F9B-3746065D6644}.MemDebug|x64.ActiveCfg = MemDebug|x64
		{821A28D9-6BD5-4423-8F9B-3746065D6644}.MemDebug|x64.Build.0 = MemDebug|x64
		{821A28D9-6BD5-4423-8F9B-3746065D6644}.Release|Win32.ActiveCfg = Release|Win32
		{821A28D9-6BD5-4423-8F9B-3746065D6644}.Release|Win32.Build.0 = Release|Win32
		{821A28D9-6BD5-4423-8F9B-3746065D6644}.Release|x64.ActiveCfg = Release|x64
		{821A28D9-6BD5-4423-8F9B-3746065D6644}.Release|x64.Build.0 = Release|x64
	EndGlobalSection
	GlobalSection(SolutionProperties) = preSolution
		HideSolutionNode = FALSE
	EndGlobalSection
EndGlobal
